
Microsoft Visual Studio Solution File, Format Version 12.00
# Visual Studio 15
VisualStudioVersion = 15.0.28307.106
MinimumVisualStudioVersion = 10.0.40219.1
Project("{9A19103F-16F7-4668-BE54-9A1E7A4F7556}") = "ImageStorage.Lambda.Warmup", "ImageStorage.Lambda.Warmup\ImageStorage.Lambda.Warmup.csproj", "{CED3F738-506D-4C47-AD5E-DF9F535F1298}"
EndProject
Project("{2150E333-8FDC-42A3-9474-1A3956D46DE8}") = "Solution Items", "Solution Items", "{20B15B16-F546-4A23-B467-65B8FFDE5154}"
	ProjectSection(SolutionItems) = preProject
		README.md = README.md
	EndProjectSection
EndProject
Project("{9A19103F-16F7-4668-BE54-9A1E7A4F7556}") = "ImageStorage.Lambda.Warmup.Tests", "ImageStorage.Lambda.Warmup.Tests\ImageStorage.Lambda.Warmup.Tests.csproj", "{6A39AF98-A6F6-499F-B6D8-D0D70B4F8024}"
EndProject
Global
	GlobalSection(SolutionConfigurationPlatforms) = preSolution
		Debug|Any CPU = Debug|Any CPU
		Release|Any CPU = Release|Any CPU
	EndGlobalSection
	GlobalSection(ProjectConfigurationPlatforms) = postSolution
		{CED3F738-506D-4C47-AD5E-DF9F535F1298}.Debug|Any CPU.ActiveCfg = Debug|Any CPU
		{CED3F738-506D-4C47-AD5E-DF9F535F1298}.Debug|Any CPU.Build.0 = Debug|Any CPU
		{CED3F738-506D-4C47-AD5E-DF9F535F1298}.Release|Any CPU.ActiveCfg = Release|Any CPU
		{CED3F738-506D-4C47-AD5E-DF9F535F1298}.Release|Any CPU.Build.0 = Release|Any CPU
		{6A39AF98-A6F6-499F-B6D8-D0D70B4F8024}.Debug|Any CPU.ActiveCfg = Debug|Any CPU
		{6A39AF98-A6F6-499F-B6D8-D0D70B4F8024}.Debug|Any CPU.Build.0 = Debug|Any CPU
		{6A39AF98-A6F6-499F-B6D8-D0D70B4F8024}.Release|Any CPU.ActiveCfg = Release|Any CPU
		{6A39AF98-A6F6-499F-B6D8-D0D70B4F8024}.Release|Any CPU.Build.0 = Release|Any CPU
	EndGlobalSection
	GlobalSection(SolutionProperties) = preSolution
		HideSolutionNode = FALSE
	EndGlobalSection
	GlobalSection(ExtensibilityGlobals) = postSolution
		SolutionGuid = {890B39EF-3971-4413-83B2-28BB070221C6}
	EndGlobalSection
EndGlobal
